<Solution>
  <Folder Name="/src/">
    <Project Path="src/AIQuotaBar.App/AIQuotaBar.App.csproj" />
    <Project Path="src/AIQuotaBar.Core/AIQuotaBar.Core.csproj" />
    <Project Path="src/AIQuotaBar.Package/AIQuotaBar.Package.wapproj" Type="C7167F0D-BC9F-4E6E-AFE1-012C56B48DB5" />
    <Project Path="src/AIQuotaBar.Providers.Antigravity/AIQuotaBar.Providers.Antigravity.csproj" />
    <Project Path="src/AIQuotaBar.Providers.Codex/AIQuotaBar.Providers.Codex.csproj" />
  </Folder>
  <Folder Name="/tests/">
    <Project Path="tests/AIQuotaBar.App.Tests/AIQuotaBar.App.Tests.csproj" />
    <Project Path="tests/AIQuotaBar.Core.Tests/AIQuotaBar.Core.Tests.csproj" />
    <Project Path="tests/AIQuotaBar.Providers.Antigravity.Tests/AIQuotaBar.Providers.Antigravity.Tests.csproj" />
    <Project Path="tests/AIQuotaBar.Providers.Codex.Tests/AIQuotaBar.Providers.Codex.Tests.csproj" />
  </Folder>
</Solution>
